
Microsoft Visual Studio Solution File, Format Version 12.00
# Visual Studio Version 17
VisualStudioVersion = 17.10.35122.118
MinimumVisualStudioVersion = 10.0.40219.1
Project("{FAE04EC0-301F-11D3-BF4B-00C04F79EFBC}") = "EjercicioAbstraccion", "EjercicioAbstraccion\EjercicioAbstraccion.csproj", "{C753660C-5022-4D8F-B470-20A50F25806B}"
EndProject
Global
	GlobalSection(SolutionConfigurationPlatforms) = preSolution
		Debug|Any CPU = Debug|Any CPU
		Release|Any CPU = Release|Any CPU
	EndGlobalSection
	GlobalSection(ProjectConfigurationPlatforms) = postSolution
		{C753660C-5022-4D8F-B470-20A50F25806B}.Debug|Any CPU.ActiveCfg = Debug|Any CPU
		{C753660C-5022-4D8F-B470-20A50F25806B}.Debug|Any CPU.Build.0 = Debug|Any CPU
		{C753660C-5022-4D8F-B470-20A50F25806B}.Release|Any CPU.ActiveCfg = Release|Any CPU
		{C753660C-5022-4D8F-B470-20A50F25806B}.Release|Any CPU.Build.0 = Release|Any CPU
	EndGlobalSection
	GlobalSection(SolutionProperties) = preSolution
		HideSolutionNode = FALSE
	EndGlobalSection
	GlobalSection(ExtensibilityGlobals) = postSolution
		SolutionGuid = {522A799B-B499-4934-A745-EECF54C11AD5}
	EndGlobalSection
EndGlobal
